
Microsoft Visual Studio Solution File, Format Version 12.00
# Visual Studio Version 16
VisualStudioVersion = 16.0.30503.244
MinimumVisualStudioVersion = 10.0.40219.1
Project("{FAE04EC0-301F-11D3-BF4B-00C04F79EFBC}") = "Covid.Utilities", "Covid.Utilities\Covid.Utilities.csproj", "{1C46CF58-BFBD-4DE7-8183-F832BC37CDBA}"
EndProject
Project("{2150E333-8FDC-42A3-9474-1A3956D46DE8}") = "01 Utilities", "01 Utilities", "{F6A1DC88-4A80-4A1C-994D-82A63C592E90}"
EndProject
Project("{2150E333-8FDC-42A3-9474-1A3956D46DE8}") = "02 Domain", "02 Domain", "{15A81C68-4A2B-4629-B586-1874347B2529}"
EndProject
Project("{FAE04EC0-301F-11D3-BF4B-00C04F79EFBC}") = "Covid.Domain", "Covid.Domain\Covid.Domain.csproj", "{A72D59CF-AD7E-4CDD-BD75-D6FBC7955069}"
EndProject
Project("{2150E333-8FDC-42A3-9474-1A3956D46DE8}") = "03 Data", "03 Data", "{D0379786-5A37-4F17-A99A-C216CB582B8D}"
EndProject
Project("{FAE04EC0-301F-11D3-BF4B-00C04F79EFBC}") = "Covid.Data", "Covid.Data\Covid.Data.csproj", "{A2D850DB-02F2-49A4-8D1B-913726705D50}"
EndProject
Project("{2150E333-8FDC-42A3-9474-1A3956D46DE8}") = "09 Migration", "09 Migration", "{017CFCC6-0513-4470-8F10-954162E6AB5D}"
EndProject
Project("{FAE04EC0-301F-11D3-BF4B-00C04F79EFBC}") = "Covid.Migration", "Covid.Migration\Covid.Migration.csproj", "{CEFE150B-761E-46CA-93F1-03BE80582357}"
EndProject
Global
	GlobalSection(SolutionConfigurationPlatforms) = preSolution
		Debug|Any CPU = Debug|Any CPU
		Debug|x64 = Debug|x64
		Release|Any CPU = Release|Any CPU
		Release|x64 = Release|x64
	EndGlobalSection
	GlobalSection(ProjectConfigurationPlatforms) = postSolution
		{1C46CF58-BFBD-4DE7-8183-F832BC37CDBA}.Debug|Any CPU.ActiveCfg = Debug|Any CPU
		{1C46CF58-BFBD-4DE7-8183-F832BC37CDBA}.Debug|Any CPU.Build.0 = Debug|Any CPU
		{1C46CF58-BFBD-4DE7-8183-F832BC37CDBA}.Debug|x64.ActiveCfg = Debug|x64
		{1C46CF58-BFBD-4DE7-8183-F832BC37CDBA}.Debug|x64.Build.0 = Debug|x64
		{1C46CF58-BFBD-4DE7-8183-F832BC37CDBA}.Release|Any CPU.ActiveCfg = Release|Any CPU
		{1C46CF58-BFBD-4DE7-8183-F832BC37CDBA}.Release|Any CPU.Build.0 = Release|Any CPU
		{1C46CF58-BFBD-4DE7-8183-F832BC37CDBA}.Release|x64.ActiveCfg = Release|x64
		{1C46CF58-BFBD-4DE7-8183-F832BC37CDBA}.Release|x64.Build.0 = Release|x64
		{A72D59CF-AD7E-4CDD-BD75-D6FBC7955069}.Debug|Any CPU.ActiveCfg = Debug|Any CPU
		{A72D59CF-AD7E-4CDD-BD75-D6FBC7955069}.Debug|Any CPU.Build.0 = Debug|Any CPU
		{A72D59CF-AD7E-4CDD-BD75-D6FBC7955069}.Debug|x64.ActiveCfg = Debug|Any CPU
		{A72D59CF-AD7E-4CDD-BD75-D6FBC7955069}.Debug|x64.Build.0 = Debug|Any CPU
		{A72D59CF-AD7E-4CDD-BD75-D6FBC7955069}.Release|Any CPU.ActiveCfg = Release|Any CPU
		{A72D59CF-AD7E-4CDD-BD75-D6FBC7955069}.Release|Any CPU.Build.0 = Release|Any CPU
		{A72D59CF-AD7E-4CDD-BD75-D6FBC7955069}.Release|x64.ActiveCfg = Release|Any CPU
		{A72D59CF-AD7E-4CDD-BD75-D6FBC7955069}.Release|x64.Build.0 = Release|Any CPU
		{A2D850DB-02F2-49A4-8D1B-913726705D50}.Debug|Any CPU.ActiveCfg = Debug|Any CPU
		{A2D850DB-02F2-49A4-8D1B-913726705D50}.Debug|Any CPU.Build.0 = Debug|Any CPU
		{A2D850DB-02F2-49A4-8D1B-913726705D50}.Debug|x64.ActiveCfg = Debug|Any CPU
		{A2D850DB-02F2-49A4-8D1B-913726705D50}.Debug|x64.Build.0 = Debug|Any CPU
		{A2D850DB-02F2-49A4-8D1B-913726705D50}.Release|Any CPU.ActiveCfg = Release|Any CPU
		{A2D850DB-02F2-49A4-8D1B-913726705D50}.Release|Any CPU.Build.0 = Release|Any CPU
		{A2D850DB-02F2-49A4-8D1B-913726705D50}.Release|x64.ActiveCfg = Release|Any CPU
		{A2D850DB-02F2-49A4-8D1B-913726705D50}.Release|x64.Build.0 = Release|Any CPU
		{CEFE150B-761E-46CA-93F1-03BE80582357}.Debug|Any CPU.ActiveCfg = Debug|Any CPU
		{CEFE150B-761E-46CA-93F1-03BE80582357}.Debug|Any CPU.Build.0 = Debug|Any CPU
		{CEFE150B-761E-46CA-93F1-03BE80582357}.Debug|x64.ActiveCfg = Debug|Any CPU
		{CEFE150B-761E-46CA-93F1-03BE80582357}.Debug|x64.Build.0 = Debug|Any CPU
		{CEFE150B-761E-46CA-93F1-03BE80582357}.Release|Any CPU.ActiveCfg = Release|Any CPU
		{CEFE150B-761E-46CA-93F1-03BE80582357}.Release|Any CPU.Build.0 = Release|Any CPU
		{CEFE150B-761E-46CA-93F1-03BE80582357}.Release|x64.ActiveCfg = Release|Any CPU
		{CEFE150B-761E-46CA-93F1-03BE80582357}.Release|x64.Build.0 = Release|Any CPU
	EndGlobalSection
	GlobalSection(SolutionProperties) = preSolution
		HideSolutionNode = FALSE
	EndGlobalSection
	GlobalSection(NestedProjects) = preSolution
		{1C46CF58-BFBD-4DE7-8183-F832BC37CDBA} = {F6A1DC88-4A80-4A1C-994D-82A63C592E90}
		{A72D59CF-AD7E-4CDD-BD75-D6FBC7955069} = {15A81C68-4A2B-4629-B586-1874347B2529}
		{A2D850DB-02F2-49A4-8D1B-913726705D50} = {D0379786-5A37-4F17-A99A-C216CB582B8D}
		{CEFE150B-761E-46CA-93F1-03BE80582357} = {017CFCC6-0513-4470-8F10-954162E6AB5D}
	EndGlobalSection
	GlobalSection(ExtensibilityGlobals) = postSolution
		SolutionGuid = {3E7B0C68-F915-4BDA-A930-D46E89CAF2E5}
	EndGlobalSection
EndGlobal
